// !$*UTF8*$!
{
	archiveVersion = 1;
	classes = {
	};
	objectVersion = 46;
	objects = {

/* Begin PBXBuildFile section */
		E452E2D81D4AE36A0057EEC9 /* main.m in Sources */ = {isa = PBXBuildFile; fileRef = E452E2D71D4AE36A0057EEC9 /* main.m */; };
		E452E2E11D4AE36A0057EEC9 /* Main.storyboard in Resources */ = {isa = PBXBuildFile; fileRef = E452E2DF1D4AE36A0057EEC9 /* Main.storyboard */; };
		E452E2E41D4AE36A0057EEC9 /* books.xcdatamodeld in Sources */ = {isa = PBXBuildFile; fileRef = E452E2E21D4AE36A0057EEC9 /* books.xcdatamodeld */; };
		E452E2E61D4AE36A0057EEC9 /* Assets.xcassets in Resources */ = {isa = PBXBuildFile; fileRef = E452E2E51D4AE36A0057EEC9 /* Assets.xcassets */; };
		E452E2E91D4AE36A0057EEC9 /* LaunchScreen.storyboard in Resources */ = {isa = PBXBuildFile; fileRef = E452E2E71D4AE36A0057EEC9 /* LaunchScreen.storyboard */; };
		E452E3151D4B2C750057EEC9 /* AppDelegate.m in Sources */ = {isa = PBXBuildFile; fileRef = E452E3141D4B2C750057EEC9 /* AppDelegate.m */; };
		E452E3181D4B30050057EEC9 /* HLAuthorListController.m in Sources */ = {isa = PBXBuildFile; fileRef = E452E3171D4B30050057EEC9 /* HLAuthorListController.m */; };
		E452E31B1D4B303B0057EEC9 /* HLAddAuthorController.m in Sources */ = {isa = PBXBuildFile; fileRef = E452E31A1D4B303B0057EEC9 /* HLAddAuthorController.m */; };
		E452E31E1D4B305D0057EEC9 /* HLBookListController.m in Sources */ = {isa = PBXBuildFile; fileRef = E452E31D1D4B305D0057EEC9 /* HLBookListController.m */; };
		E452E3211D4B307A0057EEC9 /* HLAddBookController.m in Sources */ = {isa = PBXBuildFile; fileRef = E452E3201D4B307A0057EEC9 /* HLAddBookController.m */; };
		E452E3301D4BA10D0057EEC9 /* HLBook+CoreDataProperties.m in Sources */ = {isa = PBXBuildFile; fileRef = E452E3291D4BA10D0057EEC9 /* HLBook+CoreDataProperties.m */; };
		E452E3311D4BA10D0057EEC9 /* HLBook.m in Sources */ = {isa = PBXBuildFile; fileRef = E452E32B1D4BA10D0057EEC9 /* HLBook.m */; };
		E452E3321D4BA10D0057EEC9 /* HLAuthor+CoreDataProperties.m in Sources */ = {isa = PBXBuildFile; fileRef = E452E32D1D4BA10D0057EEC9 /* HLAuthor+CoreDataProperties.m */; };
		E452E3331D4BA10D0057EEC9 /* HLAuthor.m in Sources */ = {isa = PBXBuildFile; fileRef = E452E32F1D4BA10D0057EEC9 /* HLAuthor.m */; };
		E452E3381D4BA6EB0057EEC9 /* HLSortView.m in Sources */ = {isa = PBXBuildFile; fileRef = E452E3361D4BA6EB0057EEC9 /* HLSortView.m */; };
		E452E3391D4BA6EB0057EEC9 /* HLSortView.xib in Resources */ = {isa = PBXBuildFile; fileRef = E452E3371D4BA6EB0057EEC9 /* HLSortView.xib */; };
/* End PBXBuildFile section */

/* Begin PBXFileReference section */
		E452E2D31D4AE36A0057EEC9 /* books.app */ = {isa = PBXFileReference; explicitFileType = wrapper.application; includeInIndex = 0; path = books.app; sourceTree = BUILT_PRODUCTS_DIR; };
		E452E2D71D4AE36A0057EEC9 /* main.m */ = {isa = PBXFileReference; lastKnownFileType = sourcecode.c.objc; path = main.m; sourceTree = "<group>"; };
		E452E2E01D4AE36A0057EEC9 /* Base */ = {isa = PBXFileReference; lastKnownFileType = file.storyboard; name = Base; path = Base.lproj/Main.storyboard; sourceTree = "<group>"; };
		E452E2E31D4AE36A0057EEC9 /* books.xcdatamodel */ = {isa = PBXFileReference; lastKnownFileType = wrapper.xcdatamodel; path = books.xcdatamodel; sourceTree = "<group>"; };
		E452E2E51D4AE36A0057EEC9 /* Assets.xcassets */ = {isa = PBXFileReference; lastKnownFileType = folder.assetcatalog; path = Assets.xcassets; sourceTree = "<group>"; };
		E452E2E81D4AE36A0057EEC9 /* Base */ = {isa = PBXFileReference; lastKnownFileType = file.storyboard; name = Base; path = Base.lproj/LaunchScreen.storyboard; sourceTree = "<group>"; };
		E452E2EA1D4AE36A0057EEC9 /* Info.plist */ = {isa = PBXFileReference; lastKnownFileType = text.plist.xml; path = Info.plist; sourceTree = "<group>"; };
		E452E3131D4B2C750057EEC9 /* AppDelegate.h */ = {isa = PBXFileReference; fileEncoding = 4; lastKnownFileType = sourcecode.c.h; path = AppDelegate.h; sourceTree = "<group>"; };
		E452E3141D4B2C750057EEC9 /* AppDelegate.m */ = {isa = PBXFileReference; fileEncoding = 4; lastKnownFileType = sourcecode.c.objc; path = AppDelegate.m; sourceTree = "<group>"; };
		E452E3161D4B30050057EEC9 /* HLAuthorListController.h */ = {isa = PBXFileReference; fileEncoding = 4; lastKnownFileType = sourcecode.c.h; path = HLAuthorListController.h; sourceTree = "<group>"; };
		E452E3171D4B30050057EEC9 /* HLAuthorListController.m */ = {isa = PBXFileReference; fileEncoding = 4; lastKnownFileType = sourcecode.c.objc; path = HLAuthorListController.m; sourceTree = "<group>"; };
		E452E3191D4B303B0057EEC9 /* HLAddAuthorController.h */ = {isa = PBXFileReference; fileEncoding = 4; lastKnownFileType = sourcecode.c.h; path = HLAddAuthorController.h; sourceTree = "<group>"; };
		E452E31A1D4B303B0057EEC9 /* HLAddAuthorController.m */ = {isa = PBXFileReference; fileEncoding = 4; lastKnownFileType = sourcecode.c.objc; path = HLAddAuthorController.m; sourceTree = "<group>"; };
		E452E31C1D4B305D0057EEC9 /* HLBookListController.h */ = {isa = PBXFileReference; fileEncoding = 4; lastKnownFileType = sourcecode.c.h; path = HLBookListController.h; sourceTree = "<group>"; };
		E452E31D1D4B305D0057EEC9 /* HLBookListController.m */ = {isa = PBXFileReference; fileEncoding = 4; lastKnownFileType = sourcecode.c.objc; path = HLBookListController.m; sourceTree = "<group>"; };
		E452E31F1D4B307A0057EEC9 /* HLAddBookController.h */ = {isa = PBXFileReference; fileEncoding = 4; lastKnownFileType = sourcecode.c.h; path = HLAddBookController.h; sourceTree = "<group>"; };
		E452E3201D4B307A0057EEC9 /* HLAddBookController.m */ = {isa = PBXFileReference; fileEncoding = 4; lastKnownFileType = sourcecode.c.objc; path = HLAddBookController.m; sourceTree = "<group>"; };
		E452E3281D4BA10D0057EEC9 /* HLBook+CoreDataProperties.h */ = {isa = PBXFileReference; fileEncoding = 4; lastKnownFileType = sourcecode.c.h; path = "HLBook+CoreDataProperties.h"; sourceTree = "<group>"; };
		E452E3291D4BA10D0057EEC9 /* HLBook+CoreDataProperties.m */ = {isa = PBXFileReference; fileEncoding = 4; lastKnownFileType = sourcecode.c.objc; path = "HLBook+CoreDataProperties.m"; sourceTree = "<group>"; };
		E452E32A1D4BA10D0057EEC9 /* HLBook.h */ = {isa = PBXFileReference; fileEncoding = 4; lastKnownFileType = sourcecode.c.h; path = HLBook.h; sourceTree = "<group>"; };
		E452E32B1D4BA10D0057EEC9 /* HLBook.m */ = {isa = PBXFileReference; fileEncoding = 4; lastKnownFileType = sourcecode.c.objc; path = HLBook.m; sourceTree = "<group>"; };
		E452E32C1D4BA10D0057EEC9 /* HLAuthor+CoreDataProperties.h */ = {isa = PBXFileReference; fileEncoding = 4; lastKnownFileType = sourcecode.c.h; path = "HLAuthor+CoreDataProperties.h"; sourceTree = "<group>"; };
		E452E32D1D4BA10D0057EEC9 /* HLAuthor+CoreDataProperties.m */ = {isa = PBXFileReference; fileEncoding = 4; lastKnownFileType = sourcecode.c.objc; path = "HLAuthor+CoreDataProperties.m"; sourceTree = "<group>"; };
		E452E32E1D4BA10D0057EEC9 /* HLAuthor.h */ = {isa = PBXFileReference; fileEncoding = 4; lastKnownFileType = sourcecode.c.h; path = HLAuthor.h; sourceTree = "<group>"; };
		E452E32F1D4BA10D0057EEC9 /* HLAuthor.m */ = {isa = PBXFileReference; fileEncoding = 4; lastKnownFileType = sourcecode.c.objc; path = HLAuthor.m; sourceTree = "<group>"; };
		E452E3351D4BA6EB0057EEC9 /* HLSortView.h */ = {isa = PBXFileReference; fileEncoding = 4; lastKnownFileType = sourcecode.c.h; path = HLSortView.h; sourceTree = "<group>"; };
		E452E3361D4BA6EB0057EEC9 /* HLSortView.m */ = {isa = PBXFileReference; fileEncoding = 4; lastKnownFileType = sourcecode.c.objc; path = HLSortView.m; sourceTree = "<group>"; };
		E452E3371D4BA6EB0057EEC9 /* HLSortView.xib */ = {isa = PBXFileReference; fileEncoding = 4; lastKnownFileType = file.xib; path = HLSortView.xib; sourceTree = "<group>"; };
/* End PBXFileReference section */

/* Begin PBXFrameworksBuildPhase section */
		E452E2D01D4AE36A0057EEC9 /* Frameworks */ = {
			isa = PBXFrameworksBuildPhase;
			buildActionMask = 2147483647;
			files = (
			);
			runOnlyForDeploymentPostprocessing = 0;
		};
/* End PBXFrameworksBuildPhase section */

/* Begin PBXGroup section */
		E452E2CA1D4AE36A0057EEC9 = {
			isa = PBXGroup;
			children = (
				E452E2D51D4AE36A0057EEC9 /* books */,
				E452E2D41D4AE36A0057EEC9 /* Products */,
			);
			sourceTree = "<group>";
		};
		E452E2D41D4AE36A0057EEC9 /* Products */ = {
			isa = PBXGroup;
			children = (
				E452E2D31D4AE36A0057EEC9 /* books.app */,
			);
			name = Products;
			sourceTree = "<group>";
		};
		E452E2D51D4AE36A0057EEC9 /* books */ = {
			isa = PBXGroup;
			children = (
				E452E3341D4BA6EB0057EEC9 /* View */,
				E452E3121D4B2C750057EEC9 /* Other */,
				E452E30E1D4B2C5E0057EEC9 /* Controller */,
				E452E3001D4B2C4B0057EEC9 /* Model */,
				E452E2DF1D4AE36A0057EEC9 /* Main.storyboard */,
				E452E2E51D4AE36A0057EEC9 /* Assets.xcassets */,
				E452E2E71D4AE36A0057EEC9 /* LaunchScreen.storyboard */,
				E452E2EA1D4AE36A0057EEC9 /* Info.plist */,
				E452E2E21D4AE36A0057EEC9 /* books.xcdatamodeld */,
				E452E2D61D4AE36A0057EEC9 /* Supporting Files */,
			);
			path = books;
			sourceTree = "<group>";
		};
		E452E2D61D4AE36A0057EEC9 /* Supporting Files */ = {
			isa = PBXGroup;
			children = (
				E452E2D71D4AE36A0057EEC9 /* main.m */,
			);
			name = "Supporting Files";
			sourceTree = "<group>";
		};
		E452E3001D4B2C4B0057EEC9 /* Model */ = {
			isa = PBXGroup;
			children = (
				E452E3281D4BA10D0057EEC9 /* HLBook+CoreDataProperties.h */,
				E452E3291D4BA10D0057EEC9 /* HLBook+CoreDataProperties.m */,
				E452E32A1D4BA10D0057EEC9 /* HLBook.h */,
				E452E32B1D4BA10D0057EEC9 /* HLBook.m */,
				E452E32C1D4BA10D0057EEC9 /* HLAuthor+CoreDataProperties.h */,
				E452E32D1D4BA10D0057EEC9 /* HLAuthor+CoreDataProperties.m */,
				E452E32E1D4BA10D0057EEC9 /* HLAuthor.h */,
				E452E32F1D4BA10D0057EEC9 /* HLAuthor.m */,
			);
			path = Model;
			sourceTree = "<group>";
		};
		E452E30E1D4B2C5E0057EEC9 /* Controller */ = {
			isa = PBXGroup;
			children = (
				E452E3161D4B30050057EEC9 /* HLAuthorListController.h */,
				E452E3171D4B30050057EEC9 /* HLAuthorListController.m */,
				E452E3191D4B303B0057EEC9 /* HLAddAuthorController.h */,
				E452E31A1D4B303B0057EEC9 /* HLAddAuthorController.m */,
				E452E31C1D4B305D0057EEC9 /* HLBookListController.h */,
				E452E31D1D4B305D0057EEC9 /* HLBookListController.m */,
				E452E31F1D4B307A0057EEC9 /* HLAddBookController.h */,
				E452E3201D4B307A0057EEC9 /* HLAddBookController.m */,
			);
			path = Controller;
			sourceTree = "<group>";
		};
		E452E3121D4B2C750057EEC9 /* Other */ = {
			isa = PBXGroup;
			children = (
				E452E3131D4B2C750057EEC9 /* AppDelegate.h */,
				E452E3141D4B2C750057EEC9 /* AppDelegate.m */,
			);
			path = Other;
			sourceTree = "<group>";
		};
		E452E3341D4BA6EB0057EEC9 /* View */ = {
			isa = PBXGroup;
			children = (
				E452E3351D4BA6EB0057EEC9 /* HLSortView.h */,
				E452E3361D4BA6EB0057EEC9 /* HLSortView.m */,
				E452E3371D4BA6EB0057EEC9 /* HLSortView.xib */,
			);
			path = View;
			sourceTree = "<group>";
		};
/* End PBXGroup section */

/* Begin PBXNativeTarget section */
		E452E2D21D4AE36A0057EEC9 /* books */ = {
			isa = PBXNativeTarget;
			buildConfigurationList = E452E2ED1D4AE36A0057EEC9 /* Build configuration list for PBXNativeTarget "books" */;
			buildPhases = (
				E452E2CF1D4AE36A0057EEC9 /* Sources */,
				E452E2D01D4AE36A0057EEC9 /* Frameworks */,
				E452E2D11D4AE36A0057EEC9 /* Resources */,
			);
			buildRules = (
			);
			dependencies = (
			);
			name = books;
			productName = books;
			productReference = E452E2D31D4AE36A0057EEC9 /* books.app */;
			productType = "com.apple.product-type.application";
		};
/* End PBXNativeTarget section */

/* Begin PBXProject section */
		E452E2CB1D4AE36A0057EEC9 /* Project object */ = {
			isa = PBXProject;
			attributes = {
				LastUpgradeCheck = 0730;
				ORGANIZATIONNAME = "韩露露";
				TargetAttributes = {
					E452E2D21D4AE36A0057EEC9 = {
						CreatedOnToolsVersion = 7.3;
					};
				};
			};
			buildConfigurationList = E452E2CE1D4AE36A0057EEC9 /* Build configuration list for PBXProject "books" */;
			compatibilityVersion = "Xcode 3.2";
			developmentRegion = English;
			hasScannedForEncodings = 0;
			knownRegions = (
				en,
				Base,
			);
			mainGroup = E452E2CA1D4AE36A0057EEC9;
			productRefGroup = E452E2D41D4AE36A0057EEC9 /* Products */;
			projectDirPath = "";
			projectRoot = "";
			targets = (
				E452E2D21D4AE36A0057EEC9 /* books */,
			);
		};
/* End PBXProject section */

/* Begin PBXResourcesBuildPhase section */
		E452E2D11D4AE36A0057EEC9 /* Resources */ = {
			isa = PBXResourcesBuildPhase;
			buildActionMask = 2147483647;
			files = (
				E452E2E91D4AE36A0057EEC9 /* LaunchScreen.storyboard in Resources */,
				E452E2E61D4AE36A0057EEC9 /* Assets.xcassets in Resources */,
				E452E3391D4BA6EB0057EEC9 /* HLSortView.xib in Resources */,
				E452E2E11D4AE36A0057EEC9 /* Main.storyboard in Resources */,
			);
			runOnlyForDeploymentPostprocessing = 0;
		};
/* End PBXResourcesBuildPhase section */

/* Begin PBXSourcesBuildPhase section */
		E452E2CF1D4AE36A0057EEC9 /* Sources */ = {
			isa = PBXSourcesBuildPhase;
			buildActionMask = 2147483647;
			files = (
				E452E3331D4BA10D0057EEC9 /* HLAuthor.m in Sources */,
				E452E3321D4BA10D0057EEC9 /* HLAuthor+CoreDataProperties.m in Sources */,
				E452E3381D4BA6EB0057EEC9 /* HLSortView.m in Sources */,
				E452E31B1D4B303B0057EEC9 /* HLAddAuthorController.m in Sources */,
				E452E3181D4B30050057EEC9 /* HLAuthorListController.m in Sources */,
				E452E3301D4BA10D0057EEC9 /* HLBook+CoreDataProperties.m in Sources */,
				E452E3151D4B2C750057EEC9 /* AppDelegate.m in Sources */,
				E452E31E1D4B305D0057EEC9 /* HLBookListController.m in Sources */,
				E452E3211D4B307A0057EEC9 /* HLAddBookController.m in Sources */,
				E452E2E41D4AE36A0057EEC9 /* books.xcdatamodeld in Sources */,
				E452E3311D4BA10D0057EEC9 /* HLBook.m in Sources */,
				E452E2D81D4AE36A0057EEC9 /* main.m in Sources */,
			);
			runOnlyForDeploymentPostprocessing = 0;
		};
/* End PBXSourcesBuildPhase section */

/* Begin PBXVariantGroup section */
		E452E2DF1D4AE36A0057EEC9 /* Main.storyboard */ = {
			isa = PBXVariantGroup;
			children = (
				E452E2E01D4AE36A0057EEC9 /* Base */,
			);
			name = Main.storyboard;
			sourceTree = "<group>";
		};
		E452E2E71D4AE36A0057EEC9 /* LaunchScreen.storyboard */ = {
			isa = PBXVariantGroup;
			children = (
				E452E2E81D4AE36A0057EEC9 /* Base */,
			);
			name = LaunchScreen.storyboard;
			sourceTree = "<group>";
		};
/* End PBXVariantGroup section */

/* Begin XCBuildConfiguration section */
		E452E2EB1D4AE36A0057EEC9 /* Debug */ = {
			isa = XCBuildConfiguration;
			buildSettings = {
				ALWAYS_SEARCH_USER_PATHS = NO;
				CLANG_ANALYZER_NONNULL = YES;
				CLANG_CXX_LANGUAGE_STANDARD = "gnu++0x";
				CLANG_CXX_LIBRARY = "libc++";
				CLANG_ENABLE_MODULES = YES;
				CLANG_ENABLE_OBJC_ARC = YES;
				CLANG_WARN_BOOL_CONVERSION = YES;
				CLANG_WARN_CONSTANT_CONVERSION = YES;
				CLANG_WARN_DIRECT_OBJC_ISA_USAGE = YES_ERROR;
				CLANG_WARN_EMPTY_BODY = YES;
				CLANG_WARN_ENUM_CONVERSION = YES;
				CLANG_WARN_INT_CONVERSION = YES;
				CLANG_WARN_OBJC_ROOT_CLASS = YES_ERROR;
				CLANG_WARN_UNREACHABLE_CODE = YES;
				CLANG_WARN__DUPLICATE_METHOD_MATCH = YES;
				"CODE_SIGN_IDENTITY[sdk=iphoneos*]" = "iPhone Developer";
				COPY_PHASE_STRIP = NO;
				DEBUG_INFORMATION_FORMAT = dwarf;
				ENABLE_STRICT_OBJC_MSGSEND = YES;
				ENABLE_TESTABILITY = YES;
				GCC_C_LANGUAGE_STANDARD = gnu99;
				GCC_DYNAMIC_NO_PIC = NO;
				GCC_NO_COMMON_BLOCKS = YES;
				GCC_OPTIMIZATION_LEVEL = 0;
				GCC_PREPROCESSOR_DEFINITIONS = (
					"DEBUG=1",
					"$(inherited)",
				);
				GCC_WARN_64_TO_32_BIT_CONVERSION = YES;
				GCC_WARN_ABOUT_RETURN_TYPE = YES_ERROR;
				GCC_WARN_UNDECLARED_SELECTOR = YES;
				GCC_WARN_UNINITIALIZED_AUTOS = YES_AGGRESSIVE;
				GCC_WARN_UNUSED_FUNCTION = YES;
				GCC_WARN_UNUSED_VARIABLE = YES;
				IPHONEOS_DEPLOYMENT_TARGET = 9.3;
				MTL_ENABLE_DEBUG_INFO = YES;
				ONLY_ACTIVE_ARCH = YES;
				SDKROOT = iphoneos;
				TARGETED_DEVICE_FAMILY = "1,2";
			};
			name = Debug;
		};
		E452E2EC1D4AE36A0057EEC9 /* Release */ = {
			isa = XCBuildConfiguration;
			buildSettings = {
				ALWAYS_SEARCH_USER_PATHS = NO;
				CLANG_ANALYZER_NONNULL = YES;
				CLANG_CXX_LANGUAGE_STANDARD = "gnu++0x";
				CLANG_CXX_LIBRARY = "libc++";
				CLANG_ENABLE_MODULES = YES;
				CLANG_ENABLE_OBJC_ARC = YES;
				CLANG_WARN_BOOL_CONVERSION = YES;
				CLANG_WARN_CONSTANT_CONVERSION = YES;
				CLANG_WARN_DIRECT_OBJC_ISA_USAGE = YES_ERROR;
				CLANG_WARN_EMPTY_BODY = YES;
				CLANG_WARN_ENUM_CONVERSION = YES;
				CLANG_WARN_INT_CONVERSION = YES;
				CLANG_WARN_OBJC_ROOT_CLASS = YES_ERROR;
				CLANG_WARN_UNREACHABLE_CODE = YES;
				CLANG_WARN__DUPLICATE_METHOD_MATCH = YES;
				"CODE_SIGN_IDENTITY[sdk=iphoneos*]" = "iPhone Developer";
				COPY_PHASE_STRIP = NO;
				DEBUG_INFORMATION_FORMAT = "dwarf-with-dsym";
				ENABLE_NS_ASSERTIONS = NO;
				ENABLE_STRICT_OBJC_MSGSEND = YES;
				GCC_C_LANGUAGE_STANDARD = gnu99;
				GCC_NO_COMMON_BLOCKS = YES;
				GCC_WARN_64_TO_32_BIT_CONVERSION = YES;
				GCC_WARN_ABOUT_RETURN_TYPE = YES_ERROR;
				GCC_WARN_UNDECLARED_SELECTOR = YES;
				GCC_WARN_UNINITIALIZED_AUTOS = YES_AGGRESSIVE;
				GCC_WARN_UNUSED_FUNCTION = YES;
				GCC_WARN_UNUSED_VARIABLE = YES;
				IPHONEOS_DEPLOYMENT_TARGET = 9.3;
				MTL_ENABLE_DEBUG_INFO = NO;
				SDKROOT = iphoneos;
				TARGETED_DEVICE_FAMILY = "1,2";
				VALIDATE_PRODUCT = YES;
			};
			name = Release;
		};
		E452E2EE1D4AE36A0057EEC9 /* Debug */ = {
			isa = XCBuildConfiguration;
			buildSettings = {
				ASSETCATALOG_COMPILER_APPICON_NAME = AppIcon;
				INFOPLIST_FILE = books/Info.plist;
				LD_RUNPATH_SEARCH_PATHS = "$(inherited) @executable_path/Frameworks";
				PRODUCT_BUNDLE_IDENTIFIER = center.books;
				PRODUCT_NAME = "$(TARGET_NAME)";
			};
			name = Debug;
		};
		E452E2EF1D4AE36A0057EEC9 /* Release */ = {
			isa = XCBuildConfiguration;
			buildSettings = {
				ASSETCATALOG_COMPILER_APPICON_NAME = AppIcon;
				INFOPLIST_FILE = books/Info.plist;
				LD_RUNPATH_SEARCH_PATHS = "$(inherited) @executable_path/Frameworks";
				PRODUCT_BUNDLE_IDENTIFIER = center.books;
				PRODUCT_NAME = "$(TARGET_NAME)";
			};
			name = Release;
		};
/* End XCBuildConfiguration section */

/* Begin XCConfigurationList section */
		E452E2CE1D4AE36A0057EEC9 /* Build configuration list for PBXProject "books" */ = {
			isa = XCConfigurationList;
			buildConfigurations = (
				E452E2EB1D4AE36A0057EEC9 /* Debug */,
				E452E2EC1D4AE36A0057EEC9 /* Release */,
			);
			defaultConfigurationIsVisible = 0;
			defaultConfigurationName = Release;
		};
		E452E2ED1D4AE36A0057EEC9 /* Build configuration list for PBXNativeTarget "books" */ = {
			isa = XCConfigurationList;
			buildConfigurations = (
				E452E2EE1D4AE36A0057EEC9 /* Debug */,
				E452E2EF1D4AE36A0057EEC9 /* Release */,
			);
			defaultConfigurationIsVisible = 0;
			defaultConfigurationName = Release;
		};
/* End XCConfigurationList section */

/* Begin XCVersionGroup section */
		E452E2E21D4AE36A0057EEC9 /* books.xcdatamodeld */ = {
			isa = XCVersionGroup;
			children = (
				E452E2E31D4AE36A0057EEC9 /* books.xcdatamodel */,
			);
			currentVersion = E452E2E31D4AE36A0057EEC9 /* books.xcdatamodel */;
			path = books.xcdatamodeld;
			sourceTree = "<group>";
			versionGroupType = wrapper.xcdatamodel;
		};
/* End XCVersionGroup section */
	};
	rootObject = E452E2CB1D4AE36A0057EEC9 /* Project object */;
}
